
Microsoft Visual Studio Solution File, Format Version 12.00
# Visual Studio Version 17
VisualStudioVersion = 17.8.34330.188
MinimumVisualStudioVersion = 10.0.40219.1
Project("{9A19103F-16F7-4668-BE54-9A1E7A4F7556}") = "Projekt_js.Server", "Projekt_js.Server\Projekt_js.Server.csproj", "{4CF6631E-1A48-42DA-93BF-E8EEA495F678}"
EndProject
Project("{54A90642-561A-4BB1-A94E-469ADEE60C69}") = "projekt_js.client", "projekt_js.client\projekt_js.client.esproj", "{C28CF154-DE1A-40B4-8093-A26D67C4468C}"
EndProject
Global
	GlobalSection(SolutionConfigurationPlatforms) = preSolution
		Debug|Any CPU = Debug|Any CPU
		Release|Any CPU = Release|Any CPU
	EndGlobalSection
	GlobalSection(ProjectConfigurationPlatforms) = postSolution
		{4CF6631E-1A48-42DA-93BF-E8EEA495F678}.Debug|Any CPU.ActiveCfg = Debug|Any CPU
		{4CF6631E-1A48-42DA-93BF-E8EEA495F678}.Debug|Any CPU.Build.0 = Debug|Any CPU
		{4CF6631E-1A48-42DA-93BF-E8EEA495F678}.Release|Any CPU.ActiveCfg = Release|Any CPU
		{4CF6631E-1A48-42DA-93BF-E8EEA495F678}.Release|Any CPU.Build.0 = Release|Any CPU
		{C28CF154-DE1A-40B4-8093-A26D67C4468C}.Debug|Any CPU.ActiveCfg = Debug|Any CPU
		{C28CF154-DE1A-40B4-8093-A26D67C4468C}.Debug|Any CPU.Build.0 = Debug|Any CPU
		{C28CF154-DE1A-40B4-8093-A26D67C4468C}.Debug|Any CPU.Deploy.0 = Debug|Any CPU
		{C28CF154-DE1A-40B4-8093-A26D67C4468C}.Release|Any CPU.ActiveCfg = Release|Any CPU
		{C28CF154-DE1A-40B4-8093-A26D67C4468C}.Release|Any CPU.Build.0 = Release|Any CPU
		{C28CF154-DE1A-40B4-8093-A26D67C4468C}.Release|Any CPU.Deploy.0 = Release|Any CPU
	EndGlobalSection
	GlobalSection(SolutionProperties) = preSolution
		HideSolutionNode = FALSE
	EndGlobalSection
	GlobalSection(ExtensibilityGlobals) = postSolution
		SolutionGuid = {8A24762C-BD8C-4F8A-8885-52CB4A02E9BC}
	EndGlobalSection
EndGlobal
